
Microsoft Visual Studio Solution File, Format Version 12.00
# Visual Studio Version 17
VisualStudioVersion = 17.3.32922.545
MinimumVisualStudioVersion = 10.0.40219.1
Project("{FAE04EC0-301F-11D3-BF4B-00C04F79EFBC}") = "BulkyBookWeb", "BulkyBookWeb\BulkyBookWeb.csproj", "{98C9CD19-D8D4-4535-A888-C17D3528504E}"
EndProject
Global
	GlobalSection(SolutionConfigurationPlatforms) = preSolution
		Debug|Any CPU = Debug|Any CPU
		Release|Any CPU = Release|Any CPU
	EndGlobalSection
	GlobalSection(ProjectConfigurationPlatforms) = postSolution
		{98C9CD19-D8D4-4535-A888-C17D3528504E}.Debug|Any CPU.ActiveCfg = Debug|Any CPU
		{98C9CD19-D8D4-4535-A888-C17D3528504E}.Debug|Any CPU.Build.0 = Debug|Any CPU
		{98C9CD19-D8D4-4535-A888-C17D3528504E}.Release|Any CPU.ActiveCfg = Release|Any CPU
		{98C9CD19-D8D4-4535-A888-C17D3528504E}.Release|Any CPU.Build.0 = Release|Any CPU
	EndGlobalSection
	GlobalSection(SolutionProperties) = preSolution
		HideSolutionNode = FALSE
	EndGlobalSection
	GlobalSection(ExtensibilityGlobals) = postSolution
		SolutionGuid = {25F63733-243A-4614-8E6E-377592F160A0}
	EndGlobalSection
EndGlobal
